// !$*UTF8*$!
{
	archiveVersion = 1;
	classes = {
	};
	objectVersion = 46;
	objects = {

/* Begin PBXBuildFile section */
		33B023255FD8F23CAEEE95E9 /* libPods-ModulizationA.a in Frameworks */ = {isa = PBXBuildFile; fileRef = 21336D8E9E9E51188FD9144B /* libPods-ModulizationA.a */; };
		6D05BFF91DFFAE56006FD041 /* main.m in Sources */ = {isa = PBXBuildFile; fileRef = 6D05BFF81DFFAE56006FD041 /* main.m */; };
		6D05BFFC1DFFAE56006FD041 /* AppDelegate.m in Sources */ = {isa = PBXBuildFile; fileRef = 6D05BFFB1DFFAE56006FD041 /* AppDelegate.m */; };
		6D05C0021DFFAE56006FD041 /* Main.storyboard in Resources */ = {isa = PBXBuildFile; fileRef = 6D05C0001DFFAE56006FD041 /* Main.storyboard */; };
		6D05C0041DFFAE56006FD041 /* Assets.xcassets in Resources */ = {isa = PBXBuildFile; fileRef = 6D05C0031DFFAE56006FD041 /* Assets.xcassets */; };
		6D05C0071DFFAE56006FD041 /* LaunchScreen.storyboard in Resources */ = {isa = PBXBuildFile; fileRef = 6D05C0051DFFAE56006FD041 /* LaunchScreen.storyboard */; };
		6D05C0121DFFAE56006FD041 /* ModulizationATests.m in Sources */ = {isa = PBXBuildFile; fileRef = 6D05C0111DFFAE56006FD041 /* ModulizationATests.m */; };
		6D05C01D1DFFAE56006FD041 /* ModulizationAUITests.m in Sources */ = {isa = PBXBuildFile; fileRef = 6D05C01C1DFFAE56006FD041 /* ModulizationAUITests.m */; };
		6D05C0B71DFFDB7A006FD041 /* Target_A.m in Sources */ = {isa = PBXBuildFile; fileRef = 6D05C0B61DFFDB7A006FD041 /* Target_A.m */; };
		6D05C0CA1DFFF770006FD041 /* AViewController.m in Sources */ = {isa = PBXBuildFile; fileRef = 6D05C0C81DFFF770006FD041 /* AViewController.m */; };
		6D05C0CB1DFFF770006FD041 /* AViewController.xib in Resources */ = {isa = PBXBuildFile; fileRef = 6D05C0C91DFFF770006FD041 /* AViewController.xib */; };
		6D05C0CF1DFFF801006FD041 /* BViewController.m in Sources */ = {isa = PBXBuildFile; fileRef = 6D05C0CD1DFFF801006FD041 /* BViewController.m */; };
		6D05C0D01DFFF801006FD041 /* BViewController.xib in Resources */ = {isa = PBXBuildFile; fileRef = 6D05C0CE1DFFF801006FD041 /* BViewController.xib */; };
/* End PBXBuildFile section */

/* Begin PBXContainerItemProxy section */
		6D05C00E1DFFAE56006FD041 /* PBXContainerItemProxy */ = {
			isa = PBXContainerItemProxy;
			containerPortal = 6D05BFEC1DFFAE56006FD041 /* Project object */;
			proxyType = 1;
			remoteGlobalIDString = 6D05BFF31DFFAE56006FD041;
			remoteInfo = ModulizationA;
		};
		6D05C0191DFFAE56006FD041 /* PBXContainerItemProxy */ = {
			isa = PBXContainerItemProxy;
			containerPortal = 6D05BFEC1DFFAE56006FD041 /* Project object */;
			proxyType = 1;
			remoteGlobalIDString = 6D05BFF31DFFAE56006FD041;
			remoteInfo = ModulizationA;
		};
/* End PBXContainerItemProxy section */

/* Begin PBXFileReference section */
		21336D8E9E9E51188FD9144B /* libPods-ModulizationA.a */ = {isa = PBXFileReference; explicitFileType = archive.ar; includeInIndex = 0; path = "libPods-ModulizationA.a"; sourceTree = BUILT_PRODUCTS_DIR; };
		2344C72F01D6E1B2B8D84FBC /* Pods-ModulizationA.debug.xcconfig */ = {isa = PBXFileReference; includeInIndex = 1; lastKnownFileType = text.xcconfig; name = "Pods-ModulizationA.debug.xcconfig"; path = "Pods/Target Support Files/Pods-ModulizationA/Pods-ModulizationA.debug.xcconfig"; sourceTree = "<group>"; };
		6D05BFF41DFFAE56006FD041 /* ModulizationA.app */ = {isa = PBXFileReference; explicitFileType = wrapper.application; includeInIndex = 0; path = ModulizationA.app; sourceTree = BUILT_PRODUCTS_DIR; };
		6D05BFF81DFFAE56006FD041 /* main.m */ = {isa = PBXFileReference; lastKnownFileType = sourcecode.c.objc; path = main.m; sourceTree = "<group>"; };
		6D05BFFA1DFFAE56006FD041 /* AppDelegate.h */ = {isa = PBXFileReference; lastKnownFileType = sourcecode.c.h; path = AppDelegate.h; sourceTree = "<group>"; };
		6D05BFFB1DFFAE56006FD041 /* AppDelegate.m */ = {isa = PBXFileReference; lastKnownFileType = sourcecode.c.objc; path = AppDelegate.m; sourceTree = "<group>"; };
		6D05C0011DFFAE56006FD041 /* Base */ = {isa = PBXFileReference; lastKnownFileType = file.storyboard; name = Base; path = Base.lproj/Main.storyboard; sourceTree = "<group>"; };
		6D05C0031DFFAE56006FD041 /* Assets.xcassets */ = {isa = PBXFileReference; lastKnownFileType = folder.assetcatalog; path = Assets.xcassets; sourceTree = "<group>"; };
		6D05C0061DFFAE56006FD041 /* Base */ = {isa = PBXFileReference; lastKnownFileType = file.storyboard; name = Base; path = Base.lproj/LaunchScreen.storyboard; sourceTree = "<group>"; };
		6D05C0081DFFAE56006FD041 /* Info.plist */ = {isa = PBXFileReference; lastKnownFileType = text.plist.xml; path = Info.plist; sourceTree = "<group>"; };
		6D05C00D1DFFAE56006FD041 /* ModulizationATests.xctest */ = {isa = PBXFileReference; explicitFileType = wrapper.cfbundle; includeInIndex = 0; path = ModulizationATests.xctest; sourceTree = BUILT_PRODUCTS_DIR; };
		6D05C0111DFFAE56006FD041 /* ModulizationATests.m */ = {isa = PBXFileReference; lastKnownFileType = sourcecode.c.objc; path = ModulizationATests.m; sourceTree = "<group>"; };
		6D05C0131DFFAE56006FD041 /* Info.plist */ = {isa = PBXFileReference; lastKnownFileType = text.plist.xml; path = Info.plist; sourceTree = "<group>"; };
		6D05C0181DFFAE56006FD041 /* ModulizationAUITests.xctest */ = {isa = PBXFileReference; explicitFileType = wrapper.cfbundle; includeInIndex = 0; path = ModulizationAUITests.xctest; sourceTree = BUILT_PRODUCTS_DIR; };
		6D05C01C1DFFAE56006FD041 /* ModulizationAUITests.m */ = {isa = PBXFileReference; lastKnownFileType = sourcecode.c.objc; path = ModulizationAUITests.m; sourceTree = "<group>"; };
		6D05C01E1DFFAE56006FD041 /* Info.plist */ = {isa = PBXFileReference; lastKnownFileType = text.plist.xml; path = Info.plist; sourceTree = "<group>"; };
		6D05C0B51DFFDB7A006FD041 /* Target_A.h */ = {isa = PBXFileReference; fileEncoding = 4; lastKnownFileType = sourcecode.c.h; path = Target_A.h; sourceTree = "<group>"; };
		6D05C0B61DFFDB7A006FD041 /* Target_A.m */ = {isa = PBXFileReference; fileEncoding = 4; lastKnownFileType = sourcecode.c.objc; path = Target_A.m; sourceTree = "<group>"; };
		6D05C0C71DFFF770006FD041 /* AViewController.h */ = {isa = PBXFileReference; fileEncoding = 4; lastKnownFileType = sourcecode.c.h; path = AViewController.h; sourceTree = "<group>"; };
		6D05C0C81DFFF770006FD041 /* AViewController.m */ = {isa = PBXFileReference; fileEncoding = 4; lastKnownFileType = sourcecode.c.objc; path = AViewController.m; sourceTree = "<group>"; };
		6D05C0C91DFFF770006FD041 /* AViewController.xib */ = {isa = PBXFileReference; fileEncoding = 4; lastKnownFileType = file.xib; path = AViewController.xib; sourceTree = "<group>"; };
		6D05C0CC1DFFF801006FD041 /* BViewController.h */ = {isa = PBXFileReference; fileEncoding = 4; lastKnownFileType = sourcecode.c.h; path = BViewController.h; sourceTree = "<group>"; };
		6D05C0CD1DFFF801006FD041 /* BViewController.m */ = {isa = PBXFileReference; fileEncoding = 4; lastKnownFileType = sourcecode.c.objc; path = BViewController.m; sourceTree = "<group>"; };
		6D05C0CE1DFFF801006FD041 /* BViewController.xib */ = {isa = PBXFileReference; fileEncoding = 4; lastKnownFileType = file.xib; path = BViewController.xib; sourceTree = "<group>"; };
		B26E26107122A3193EBFED63 /* Pods-ModulizationA.release.xcconfig */ = {isa = PBXFileReference; includeInIndex = 1; lastKnownFileType = text.xcconfig; name = "Pods-ModulizationA.release.xcconfig"; path = "Pods/Target Support Files/Pods-ModulizationA/Pods-ModulizationA.release.xcconfig"; sourceTree = "<group>"; };
/* End PBXFileReference section */

/* Begin PBXFrameworksBuildPhase section */
		6D05BFF11DFFAE56006FD041 /* Frameworks */ = {
			isa = PBXFrameworksBuildPhase;
			buildActionMask = 2147483647;
			files = (
				33B023255FD8F23CAEEE95E9 /* libPods-ModulizationA.a in Frameworks */,
			);
			runOnlyForDeploymentPostprocessing = 0;
		};
		6D05C00A1DFFAE56006FD041 /* Frameworks */ = {
			isa = PBXFrameworksBuildPhase;
			buildActionMask = 2147483647;
			files = (
			);
			runOnlyForDeploymentPostprocessing = 0;
		};
		6D05C0151DFFAE56006FD041 /* Frameworks */ = {
			isa = PBXFrameworksBuildPhase;
			buildActionMask = 2147483647;
			files = (
			);
			runOnlyForDeploymentPostprocessing = 0;
		};
/* End PBXFrameworksBuildPhase section */

/* Begin PBXGroup section */
		3875B2A3DBF114BF56EA2178 /* Frameworks */ = {
			isa = PBXGroup;
			children = (
				21336D8E9E9E51188FD9144B /* libPods-ModulizationA.a */,
			);
			name = Frameworks;
			sourceTree = "<group>";
		};
		3DBD9E83D22DEEAC564AEB89 /* Pods */ = {
			isa = PBXGroup;
			children = (
				2344C72F01D6E1B2B8D84FBC /* Pods-ModulizationA.debug.xcconfig */,
				B26E26107122A3193EBFED63 /* Pods-ModulizationA.release.xcconfig */,
			);
			name = Pods;
			sourceTree = "<group>";
		};
		6D05BFEB1DFFAE56006FD041 = {
			isa = PBXGroup;
			children = (
				6D05BFF61DFFAE56006FD041 /* ModulizationA */,
				6D05C0101DFFAE56006FD041 /* ModulizationATests */,
				6D05C01B1DFFAE56006FD041 /* ModulizationAUITests */,
				6D05BFF51DFFAE56006FD041 /* Products */,
				3DBD9E83D22DEEAC564AEB89 /* Pods */,
				3875B2A3DBF114BF56EA2178 /* Frameworks */,
			);
			sourceTree = "<group>";
		};
		6D05BFF51DFFAE56006FD041 /* Products */ = {
			isa = PBXGroup;
			children = (
				6D05BFF41DFFAE56006FD041 /* ModulizationA.app */,
				6D05C00D1DFFAE56006FD041 /* ModulizationATests.xctest */,
				6D05C0181DFFAE56006FD041 /* ModulizationAUITests.xctest */,
			);
			name = Products;
			sourceTree = "<group>";
		};
		6D05BFF61DFFAE56006FD041 /* ModulizationA */ = {
			isa = PBXGroup;
			children = (
				6D05C0691DFFC981006FD041 /* ModulizationA */,
				6D05BFFA1DFFAE56006FD041 /* AppDelegate.h */,
				6D05BFFB1DFFAE56006FD041 /* AppDelegate.m */,
				6D05C0001DFFAE56006FD041 /* Main.storyboard */,
				6D05C0031DFFAE56006FD041 /* Assets.xcassets */,
				6D05C0051DFFAE56006FD041 /* LaunchScreen.storyboard */,
				6D05C0081DFFAE56006FD041 /* Info.plist */,
				6D05BFF71DFFAE56006FD041 /* Supporting Files */,
			);
			path = ModulizationA;
			sourceTree = "<group>";
		};
		6D05BFF71DFFAE56006FD041 /* Supporting Files */ = {
			isa = PBXGroup;
			children = (
				6D05BFF81DFFAE56006FD041 /* main.m */,
			);
			name = "Supporting Files";
			sourceTree = "<group>";
		};
		6D05C0101DFFAE56006FD041 /* ModulizationATests */ = {
			isa = PBXGroup;
			children = (
				6D05C0111DFFAE56006FD041 /* ModulizationATests.m */,
				6D05C0131DFFAE56006FD041 /* Info.plist */,
			);
			path = ModulizationATests;
			sourceTree = "<group>";
		};
		6D05C01B1DFFAE56006FD041 /* ModulizationAUITests */ = {
			isa = PBXGroup;
			children = (
				6D05C01C1DFFAE56006FD041 /* ModulizationAUITests.m */,
				6D05C01E1DFFAE56006FD041 /* Info.plist */,
			);
			path = ModulizationAUITests;
			sourceTree = "<group>";
		};
		6D05C0691DFFC981006FD041 /* ModulizationA */ = {
			isa = PBXGroup;
			children = (
				6D05C0C61DFFF766006FD041 /* View */,
				6D05C0B41DFFDB7A006FD041 /* Targets */,
			);
			path = ModulizationA;
			sourceTree = "<group>";
		};
		6D05C0B41DFFDB7A006FD041 /* Targets */ = {
			isa = PBXGroup;
			children = (
				6D05C0B51DFFDB7A006FD041 /* Target_A.h */,
				6D05C0B61DFFDB7A006FD041 /* Target_A.m */,
			);
			path = Targets;
			sourceTree = "<group>";
		};
		6D05C0C61DFFF766006FD041 /* View */ = {
			isa = PBXGroup;
			children = (
				6D05C0C71DFFF770006FD041 /* AViewController.h */,
				6D05C0C81DFFF770006FD041 /* AViewController.m */,
				6D05C0C91DFFF770006FD041 /* AViewController.xib */,
				6D05C0CC1DFFF801006FD041 /* BViewController.h */,
				6D05C0CD1DFFF801006FD041 /* BViewController.m */,
				6D05C0CE1DFFF801006FD041 /* BViewController.xib */,
			);
			path = View;
			sourceTree = "<group>";
		};
/* End PBXGroup section */

/* Begin PBXNativeTarget section */
		6D05BFF31DFFAE56006FD041 /* ModulizationA */ = {
			isa = PBXNativeTarget;
			buildConfigurationList = 6D05C0211DFFAE56006FD041 /* Build configuration list for PBXNativeTarget "ModulizationA" */;
			buildPhases = (
				13F0C8E23D9FC798C96C1607 /* [CP] Check Pods Manifest.lock */,
				6D05BFF01DFFAE56006FD041 /* Sources */,
				6D05BFF11DFFAE56006FD041 /* Frameworks */,
				6D05BFF21DFFAE56006FD041 /* Resources */,
				01244FC4BB8D1E45D3CD2464 /* [CP] Embed Pods Frameworks */,
				240AAE28151C75F6B5CEE3CF /* [CP] Copy Pods Resources */,
			);
			buildRules = (
			);
			dependencies = (
			);
			name = ModulizationA;
			productName = ModulizationA;
			productReference = 6D05BFF41DFFAE56006FD041 /* ModulizationA.app */;
			productType = "com.apple.product-type.application";
		};
		6D05C00C1DFFAE56006FD041 /* ModulizationATests */ = {
			isa = PBXNativeTarget;
			buildConfigurationList = 6D05C0241DFFAE56006FD041 /* Build configuration list for PBXNativeTarget "ModulizationATests" */;
			buildPhases = (
				6D05C0091DFFAE56006FD041 /* Sources */,
				6D05C00A1DFFAE56006FD041 /* Frameworks */,
				6D05C00B1DFFAE56006FD041 /* Resources */,
			);
			buildRules = (
			);
			dependencies = (
				6D05C00F1DFFAE56006FD041 /* PBXTargetDependency */,
			);
			name = ModulizationATests;
			productName = ModulizationATests;
			productReference = 6D05C00D1DFFAE56006FD041 /* ModulizationATests.xctest */;
			productType = "com.apple.product-type.bundle.unit-test";
		};
		6D05C0171DFFAE56006FD041 /* ModulizationAUITests */ = {
			isa = PBXNativeTarget;
			buildConfigurationList = 6D05C0271DFFAE56006FD041 /* Build configuration list for PBXNativeTarget "ModulizationAUITests" */;
			buildPhases = (
				6D05C0141DFFAE56006FD041 /* Sources */,
				6D05C0151DFFAE56006FD041 /* Frameworks */,
				6D05C0161DFFAE56006FD041 /* Resources */,
			);
			buildRules = (
			);
			dependencies = (
				6D05C01A1DFFAE56006FD041 /* PBXTargetDependency */,
			);
			name = ModulizationAUITests;
			productName = ModulizationAUITests;
			productReference = 6D05C0181DFFAE56006FD041 /* ModulizationAUITests.xctest */;
			productType = "com.apple.product-type.bundle.ui-testing";
		};
/* End PBXNativeTarget section */

/* Begin PBXProject section */
		6D05BFEC1DFFAE56006FD041 /* Project object */ = {
			isa = PBXProject;
			attributes = {
				LastUpgradeCheck = 0800;
				ORGANIZATIONNAME = bangben;
				TargetAttributes = {
					6D05BFF31DFFAE56006FD041 = {
						CreatedOnToolsVersion = 8.0;
						ProvisioningStyle = Automatic;
					};
					6D05C00C1DFFAE56006FD041 = {
						CreatedOnToolsVersion = 8.0;
						ProvisioningStyle = Automatic;
						TestTargetID = 6D05BFF31DFFAE56006FD041;
					};
					6D05C0171DFFAE56006FD041 = {
						CreatedOnToolsVersion = 8.0;
						ProvisioningStyle = Automatic;
						TestTargetID = 6D05BFF31DFFAE56006FD041;
					};
				};
			};
			buildConfigurationList = 6D05BFEF1DFFAE56006FD041 /* Build configuration list for PBXProject "ModulizationA" */;
			compatibilityVersion = "Xcode 3.2";
			developmentRegion = English;
			hasScannedForEncodings = 0;
			knownRegions = (
				en,
				Base,
			);
			mainGroup = 6D05BFEB1DFFAE56006FD041;
			productRefGroup = 6D05BFF51DFFAE56006FD041 /* Products */;
			projectDirPath = "";
			projectRoot = "";
			targets = (
				6D05BFF31DFFAE56006FD041 /* ModulizationA */,
				6D05C00C1DFFAE56006FD041 /* ModulizationATests */,
				6D05C0171DFFAE56006FD041 /* ModulizationAUITests */,
			);
		};
/* End PBXProject section */

/* Begin PBXResourcesBuildPhase section */
		6D05BFF21DFFAE56006FD041 /* Resources */ = {
			isa = PBXResourcesBuildPhase;
			buildActionMask = 2147483647;
			files = (
				6D05C0D01DFFF801006FD041 /* BViewController.xib in Resources */,
				6D05C0CB1DFFF770006FD041 /* AViewController.xib in Resources */,
				6D05C0071DFFAE56006FD041 /* LaunchScreen.storyboard in Resources */,
				6D05C0041DFFAE56006FD041 /* Assets.xcassets in Resources */,
				6D05C0021DFFAE56006FD041 /* Main.storyboard in Resources */,
			);
			runOnlyForDeploymentPostprocessing = 0;
		};
		6D05C00B1DFFAE56006FD041 /* Resources */ = {
			isa = PBXResourcesBuildPhase;
			buildActionMask = 2147483647;
			files = (
			);
			runOnlyForDeploymentPostprocessing = 0;
		};
		6D05C0161DFFAE56006FD041 /* Resources */ = {
			isa = PBXResourcesBuildPhase;
			buildActionMask = 2147483647;
			files = (
			);
			runOnlyForDeploymentPostprocessing = 0;
		};
/* End PBXResourcesBuildPhase section */

/* Begin PBXShellScriptBuildPhase section */
		01244FC4BB8D1E45D3CD2464 /* [CP] Embed Pods Frameworks */ = {
			isa = PBXShellScriptBuildPhase;
			buildActionMask = 2147483647;
			files = (
			);
			inputPaths = (
			);
			name = "[CP] Embed Pods Frameworks";
			outputPaths = (
			);
			runOnlyForDeploymentPostprocessing = 0;
			shellPath = /bin/sh;
			shellScript = "\"${SRCROOT}/Pods/Target Support Files/Pods-ModulizationA/Pods-ModulizationA-frameworks.sh\"\n";
			showEnvVarsInLog = 0;
		};
		13F0C8E23D9FC798C96C1607 /* [CP] Check Pods Manifest.lock */ = {
			isa = PBXShellScriptBuildPhase;
			buildActionMask = 2147483647;
			files = (
			);
			inputPaths = (
			);
			name = "[CP] Check Pods Manifest.lock";
			outputPaths = (
			);
			runOnlyForDeploymentPostprocessing = 0;
			shellPath = /bin/sh;
			shellScript = "diff \"${PODS_ROOT}/../Podfile.lock\" \"${PODS_ROOT}/Manifest.lock\" > /dev/null\nif [ $? != 0 ] ; then\n    # print error to STDERR\n    echo \"error: The sandbox is not in sync with the Podfile.lock. Run 'pod install' or update your CocoaPods installation.\" >&2\n    exit 1\nfi\n";
			showEnvVarsInLog = 0;
		};
		240AAE28151C75F6B5CEE3CF /* [CP] Copy Pods Resources */ = {
			isa = PBXShellScriptBuildPhase;
			buildActionMask = 2147483647;
			files = (
			);
			inputPaths = (
			);
			name = "[CP] Copy Pods Resources";
			outputPaths = (
			);
			runOnlyForDeploymentPostprocessing = 0;
			shellPath = /bin/sh;
			shellScript = "\"${SRCROOT}/Pods/Target Support Files/Pods-ModulizationA/Pods-ModulizationA-resources.sh\"\n";
			showEnvVarsInLog = 0;
		};
/* End PBXShellScriptBuildPhase section */

/* Begin PBXSourcesBuildPhase section */
		6D05BFF01DFFAE56006FD041 /* Sources */ = {
			isa = PBXSourcesBuildPhase;
			buildActionMask = 2147483647;
			files = (
				6D05C0CA1DFFF770006FD041 /* AViewController.m in Sources */,
				6D05C0B71DFFDB7A006FD041 /* Target_A.m in Sources */,
				6D05BFFC1DFFAE56006FD041 /* AppDelegate.m in Sources */,
				6D05C0CF1DFFF801006FD041 /* BViewController.m in Sources */,
				6D05BFF91DFFAE56006FD041 /* main.m in Sources */,
			);
			runOnlyForDeploymentPostprocessing = 0;
		};
		6D05C0091DFFAE56006FD041 /* Sources */ = {
			isa = PBXSourcesBuildPhase;
			buildActionMask = 2147483647;
			files = (
				6D05C0121DFFAE56006FD041 /* ModulizationATests.m in Sources */,
			);
			runOnlyForDeploymentPostprocessing = 0;
		};
		6D05C0141DFFAE56006FD041 /* Sources */ = {
			isa = PBXSourcesBuildPhase;
			buildActionMask = 2147483647;
			files = (
				6D05C01D1DFFAE56006FD041 /* ModulizationAUITests.m in Sources */,
			);
			runOnlyForDeploymentPostprocessing = 0;
		};
/* End PBXSourcesBuildPhase section */

/* Begin PBXTargetDependency section */
		6D05C00F1DFFAE56006FD041 /* PBXTargetDependency */ = {
			isa = PBXTargetDependency;
			target = 6D05BFF31DFFAE56006FD041 /* ModulizationA */;
			targetProxy = 6D05C00E1DFFAE56006FD041 /* PBXContainerItemProxy */;
		};
		6D05C01A1DFFAE56006FD041 /* PBXTargetDependency */ = {
			isa = PBXTargetDependency;
			target = 6D05BFF31DFFAE56006FD041 /* ModulizationA */;
			targetProxy = 6D05C0191DFFAE56006FD041 /* PBXContainerItemProxy */;
		};
/* End PBXTargetDependency section */

/* Begin PBXVariantGroup section */
		6D05C0001DFFAE56006FD041 /* Main.storyboard */ = {
			isa = PBXVariantGroup;
			children = (
				6D05C0011DFFAE56006FD041 /* Base */,
			);
			name = Main.storyboard;
			sourceTree = "<group>";
		};
		6D05C0051DFFAE56006FD041 /* LaunchScreen.storyboard */ = {
			isa = PBXVariantGroup;
			children = (
				6D05C0061DFFAE56006FD041 /* Base */,
			);
			name = LaunchScreen.storyboard;
			sourceTree = "<group>";
		};
/* End PBXVariantGroup section */

/* Begin XCBuildConfiguration section */
		6D05C01F1DFFAE56006FD041 /* Debug */ = {
			isa = XCBuildConfiguration;
			buildSettings = {
				ALWAYS_SEARCH_USER_PATHS = NO;
				CLANG_ANALYZER_NONNULL = YES;
				CLANG_CXX_LANGUAGE_STANDARD = "gnu++0x";
				CLANG_CXX_LIBRARY = "libc++";
				CLANG_ENABLE_MODULES = YES;
				CLANG_ENABLE_OBJC_ARC = YES;
				CLANG_WARN_BOOL_CONVERSION = YES;
				CLANG_WARN_CONSTANT_CONVERSION = YES;
				CLANG_WARN_DIRECT_OBJC_ISA_USAGE = YES_ERROR;
				CLANG_WARN_DOCUMENTATION_COMMENTS = YES;
				CLANG_WARN_EMPTY_BODY = YES;
				CLANG_WARN_ENUM_CONVERSION = YES;
				CLANG_WARN_INFINITE_RECURSION = YES;
				CLANG_WARN_INT_CONVERSION = YES;
				CLANG_WARN_OBJC_ROOT_CLASS = YES_ERROR;
				CLANG_WARN_SUSPICIOUS_MOVES = YES;
				CLANG_WARN_UNREACHABLE_CODE = YES;
				CLANG_WARN__DUPLICATE_METHOD_MATCH = YES;
				"CODE_SIGN_IDENTITY[sdk=iphoneos*]" = "iPhone Developer";
				COPY_PHASE_STRIP = NO;
				DEBUG_INFORMATION_FORMAT = dwarf;
				ENABLE_STRICT_OBJC_MSGSEND = YES;
				ENABLE_TESTABILITY = YES;
				GCC_C_LANGUAGE_STANDARD = gnu99;
				GCC_DYNAMIC_NO_PIC = NO;
				GCC_NO_COMMON_BLOCKS = YES;
				GCC_OPTIMIZATION_LEVEL = 0;
				GCC_PREPROCESSOR_DEFINITIONS = (
					"DEBUG=1",
					"$(inherited)",
				);
				GCC_WARN_64_TO_32_BIT_CONVERSION = YES;
				GCC_WARN_ABOUT_RETURN_TYPE = YES_ERROR;
				GCC_WARN_UNDECLARED_SELECTOR = YES;
				GCC_WARN_UNINITIALIZED_AUTOS = YES_AGGRESSIVE;
				GCC_WARN_UNUSED_FUNCTION = YES;
				GCC_WARN_UNUSED_VARIABLE = YES;
				IPHONEOS_DEPLOYMENT_TARGET = 10.0;
				MTL_ENABLE_DEBUG_INFO = YES;
				ONLY_ACTIVE_ARCH = YES;
				SDKROOT = iphoneos;
				TARGETED_DEVICE_FAMILY = "1,2";
			};
			name = Debug;
		};
		6D05C0201DFFAE56006FD041 /* Release */ = {
			isa = XCBuildConfiguration;
			buildSettings = {
				ALWAYS_SEARCH_USER_PATHS = NO;
				CLANG_ANALYZER_NONNULL = YES;
				CLANG_CXX_LANGUAGE_STANDARD = "gnu++0x";
				CLANG_CXX_LIBRARY = "libc++";
				CLANG_ENABLE_MODULES = YES;
				CLANG_ENABLE_OBJC_ARC = YES;
				CLANG_WARN_BOOL_CONVERSION = YES;
				CLANG_WARN_CONSTANT_CONVERSION = YES;
				CLANG_WARN_DIRECT_OBJC_ISA_USAGE = YES_ERROR;
				CLANG_WARN_DOCUMENTATION_COMMENTS = YES;
				CLANG_WARN_EMPTY_BODY = YES;
				CLANG_WARN_ENUM_CONVERSION = YES;
				CLANG_WARN_INFINITE_RECURSION = YES;
				CLANG_WARN_INT_CONVERSION = YES;
				CLANG_WARN_OBJC_ROOT_CLASS = YES_ERROR;
				CLANG_WARN_SUSPICIOUS_MOVES = YES;
				CLANG_WARN_UNREACHABLE_CODE = YES;
				CLANG_WARN__DUPLICATE_METHOD_MATCH = YES;
				"CODE_SIGN_IDENTITY[sdk=iphoneos*]" = "iPhone Developer";
				COPY_PHASE_STRIP = NO;
				DEBUG_INFORMATION_FORMAT = "dwarf-with-dsym";
				ENABLE_NS_ASSERTIONS = NO;
				ENABLE_STRICT_OBJC_MSGSEND = YES;
				GCC_C_LANGUAGE_STANDARD = gnu99;
				GCC_NO_COMMON_BLOCKS = YES;
				GCC_WARN_64_TO_32_BIT_CONVERSION = YES;
				GCC_WARN_ABOUT_RETURN_TYPE = YES_ERROR;
				GCC_WARN_UNDECLARED_SELECTOR = YES;
				GCC_WARN_UNINITIALIZED_AUTOS = YES_AGGRESSIVE;
				GCC_WARN_UNUSED_FUNCTION = YES;
				GCC_WARN_UNUSED_VARIABLE = YES;
				IPHONEOS_DEPLOYMENT_TARGET = 10.0;
				MTL_ENABLE_DEBUG_INFO = NO;
				SDKROOT = iphoneos;
				TARGETED_DEVICE_FAMILY = "1,2";
				VALIDATE_PRODUCT = YES;
			};
			name = Release;
		};
		6D05C0221DFFAE56006FD041 /* Debug */ = {
			isa = XCBuildConfiguration;
			baseConfigurationReference = 2344C72F01D6E1B2B8D84FBC /* Pods-ModulizationA.debug.xcconfig */;
			buildSettings = {
				ASSETCATALOG_COMPILER_APPICON_NAME = AppIcon;
				INFOPLIST_FILE = ModulizationA/Info.plist;
				LD_RUNPATH_SEARCH_PATHS = "$(inherited) @executable_path/Frameworks";
				PRODUCT_BUNDLE_IDENTIFIER = com.bangben.ModulizationA;
				PRODUCT_NAME = "$(TARGET_NAME)";
			};
			name = Debug;
		};
		6D05C0231DFFAE56006FD041 /* Release */ = {
			isa = XCBuildConfiguration;
			baseConfigurationReference = B26E26107122A3193EBFED63 /* Pods-ModulizationA.release.xcconfig */;
			buildSettings = {
				ASSETCATALOG_COMPILER_APPICON_NAME = AppIcon;
				INFOPLIST_FILE = ModulizationA/Info.plist;
				LD_RUNPATH_SEARCH_PATHS = "$(inherited) @executable_path/Frameworks";
				PRODUCT_BUNDLE_IDENTIFIER = com.bangben.ModulizationA;
				PRODUCT_NAME = "$(TARGET_NAME)";
			};
			name = Release;
		};
		6D05C0251DFFAE56006FD041 /* Debug */ = {
			isa = XCBuildConfiguration;
			buildSettings = {
				BUNDLE_LOADER = "$(TEST_HOST)";
				INFOPLIST_FILE = ModulizationATests/Info.plist;
				LD_RUNPATH_SEARCH_PATHS = "$(inherited) @executable_path/Frameworks @loader_path/Frameworks";
				PRODUCT_BUNDLE_IDENTIFIER = com.bangben.ModulizationATests;
				PRODUCT_NAME = "$(TARGET_NAME)";
				TEST_HOST = "$(BUILT_PRODUCTS_DIR)/ModulizationA.app/ModulizationA";
			};
			name = Debug;
		};
		6D05C0261DFFAE56006FD041 /* Release */ = {
			isa = XCBuildConfiguration;
			buildSettings = {
				BUNDLE_LOADER = "$(TEST_HOST)";
				INFOPLIST_FILE = ModulizationATests/Info.plist;
				LD_RUNPATH_SEARCH_PATHS = "$(inherited) @executable_path/Frameworks @loader_path/Frameworks";
				PRODUCT_BUNDLE_IDENTIFIER = com.bangben.ModulizationATests;
				PRODUCT_NAME = "$(TARGET_NAME)";
				TEST_HOST = "$(BUILT_PRODUCTS_DIR)/ModulizationA.app/ModulizationA";
			};
			name = Release;
		};
		6D05C0281DFFAE56006FD041 /* Debug */ = {
			isa = XCBuildConfiguration;
			buildSettings = {
				INFOPLIST_FILE = ModulizationAUITests/Info.plist;
				LD_RUNPATH_SEARCH_PATHS = "$(inherited) @executable_path/Frameworks @loader_path/Frameworks";
				PRODUCT_BUNDLE_IDENTIFIER = com.bangben.ModulizationAUITests;
				PRODUCT_NAME = "$(TARGET_NAME)";
				TEST_TARGET_NAME = ModulizationA;
			};
			name = Debug;
		};
		6D05C0291DFFAE56006FD041 /* Release */ = {
			isa = XCBuildConfiguration;
			buildSettings = {
				INFOPLIST_FILE = ModulizationAUITests/Info.plist;
				LD_RUNPATH_SEARCH_PATHS = "$(inherited) @executable_path/Frameworks @loader_path/Frameworks";
				PRODUCT_BUNDLE_IDENTIFIER = com.bangben.ModulizationAUITests;
				PRODUCT_NAME = "$(TARGET_NAME)";
				TEST_TARGET_NAME = ModulizationA;
			};
			name = Release;
		};
/* End XCBuildConfiguration section */

/* Begin XCConfigurationList section */
		6D05BFEF1DFFAE56006FD041 /* Build configuration list for PBXProject "ModulizationA" */ = {
			isa = XCConfigurationList;
			buildConfigurations = (
				6D05C01F1DFFAE56006FD041 /* Debug */,
				6D05C0201DFFAE56006FD041 /* Release */,
			);
			defaultConfigurationIsVisible = 0;
			defaultConfigurationName = Release;
		};
		6D05C0211DFFAE56006FD041 /* Build configuration list for PBXNativeTarget "ModulizationA" */ = {
			isa = XCConfigurationList;
			buildConfigurations = (
				6D05C0221DFFAE56006FD041 /* Debug */,
				6D05C0231DFFAE56006FD041 /* Release */,
			);
			defaultConfigurationIsVisible = 0;
			defaultConfigurationName = Release;
		};
		6D05C0241DFFAE56006FD041 /* Build configuration list for PBXNativeTarget "ModulizationATests" */ = {
			isa = XCConfigurationList;
			buildConfigurations = (
				6D05C0251DFFAE56006FD041 /* Debug */,
				6D05C0261DFFAE56006FD041 /* Release */,
			);
			defaultConfigurationIsVisible = 0;
			defaultConfigurationName = Release;
		};
		6D05C0271DFFAE56006FD041 /* Build configuration list for PBXNativeTarget "ModulizationAUITests" */ = {
			isa = XCConfigurationList;
			buildConfigurations = (
				6D05C0281DFFAE56006FD041 /* Debug */,
				6D05C0291DFFAE56006FD041 /* Release */,
			);
			defaultConfigurationIsVisible = 0;
			defaultConfigurationName = Release;
		};
/* End XCConfigurationList section */
	};
	rootObject = 6D05BFEC1DFFAE56006FD041 /* Project object */;
}
